
Microsoft Visual Studio Solution File, Format Version 12.00
# Visual Studio Version 17
VisualStudioVersion = 17.8.34511.84
MinimumVisualStudioVersion = 10.0.40219.1
Project("{FAE04EC0-301F-11D3-BF4B-00C04F79EFBC}") = "IdealMealsTM", "IdealMealsTM\IdealMealsTM.csproj", "{CE309942-3B42-4342-8D85-966C1BD69771}"
EndProject
Global
	GlobalSection(SolutionConfigurationPlatforms) = preSolution
		Debug|Any CPU = Debug|Any CPU
		Release|Any CPU = Release|Any CPU
	EndGlobalSection
	GlobalSection(ProjectConfigurationPlatforms) = postSolution
		{CE309942-3B42-4342-8D85-966C1BD69771}.Debug|Any CPU.ActiveCfg = Debug|Any CPU
		{CE309942-3B42-4342-8D85-966C1BD69771}.Debug|Any CPU.Build.0 = Debug|Any CPU
		{CE309942-3B42-4342-8D85-966C1BD69771}.Release|Any CPU.ActiveCfg = Release|Any CPU
		{CE309942-3B42-4342-8D85-966C1BD69771}.Release|Any CPU.Build.0 = Release|Any CPU
	EndGlobalSection
	GlobalSection(SolutionProperties) = preSolution
		HideSolutionNode = FALSE
	EndGlobalSection
	GlobalSection(ExtensibilityGlobals) = postSolution
		SolutionGuid = {FA0C4CD6-7BEF-4379-B855-1BA465427011}
	EndGlobalSection
EndGlobal
